
Microsoft Visual Studio Solution File, Format Version 12.00
Project("{FAE04EC0-301F-11D3-BF4B-00C04F79EFBC}") = "TaskList.Domain", "TaskList.Domain\TaskList.Domain.csproj", "{ECE573F8-D8F8-41A3-B804-E44EB5BC1DA7}"
EndProject
Project("{2150E333-8FDC-42A3-9474-1A3956D46DE8}") = "Core", "Core", "{64671214-8605-422B-97F2-677D1DF1FB77}"
EndProject
Project("{2150E333-8FDC-42A3-9474-1A3956D46DE8}") = "Infrastructure", "Infrastructure", "{1280E535-8491-482F-AE07-201C904D247B}"
EndProject
Project("{FAE04EC0-301F-11D3-BF4B-00C04F79EFBC}") = "TaskList.DbInfrastructure", "TaskList.DbInfrastructure\TaskList.DbInfrastructure.csproj", "{6EF3C21F-E92F-4CFA-993D-25B8EC3523D7}"
EndProject
Project("{FAE04EC0-301F-11D3-BF4B-00C04F79EFBC}") = "TaskList.WebApi", "TaskList.WebApi\TaskList.WebApi.csproj", "{776E0FE4-3BE4-4B7A-9AB9-EB12FEFD8F43}"
EndProject
Project("{2150E333-8FDC-42A3-9474-1A3956D46DE8}") = "Tests", "Tests", "{841A80FE-5D58-4743-83C3-F5D0BD163444}"
EndProject
Project("{FAE04EC0-301F-11D3-BF4B-00C04F79EFBC}") = "TaskList.WebApi.Tests", "TaskList.WebApi.Tests\TaskList.WebApi.Tests.csproj", "{7F7B3EAB-0666-48F8-8FEE-B401DC7BEDE7}"
EndProject
Project("{FAE04EC0-301F-11D3-BF4B-00C04F79EFBC}") = "TaskList.Contracts", "TaskList.Contracts\TaskList.Contracts.csproj", "{9C8E1D04-EC92-4550-AF52-AC329E8DB1C8}"
EndProject
Project("{FAE04EC0-301F-11D3-BF4B-00C04F79EFBC}") = "TaskList.Services", "TaskList.Services\TaskList.Services.csproj", "{6E82C043-D526-45AE-B6EC-0141B8E78FF9}"
EndProject
Project("{FAE04EC0-301F-11D3-BF4B-00C04F79EFBC}") = "TaskList.Services.Tests", "TaskList.Services.Tests\TaskList.Services.Tests.csproj", "{BDFB4DBA-B265-4A7F-B443-89A00190FBB3}"
EndProject
Global
	GlobalSection(SolutionConfigurationPlatforms) = preSolution
		Debug|Any CPU = Debug|Any CPU
		Release|Any CPU = Release|Any CPU
	EndGlobalSection
	GlobalSection(ProjectConfigurationPlatforms) = postSolution
		{ECE573F8-D8F8-41A3-B804-E44EB5BC1DA7}.Debug|Any CPU.ActiveCfg = Debug|Any CPU
		{ECE573F8-D8F8-41A3-B804-E44EB5BC1DA7}.Debug|Any CPU.Build.0 = Debug|Any CPU
		{ECE573F8-D8F8-41A3-B804-E44EB5BC1DA7}.Release|Any CPU.ActiveCfg = Release|Any CPU
		{ECE573F8-D8F8-41A3-B804-E44EB5BC1DA7}.Release|Any CPU.Build.0 = Release|Any CPU
		{6EF3C21F-E92F-4CFA-993D-25B8EC3523D7}.Debug|Any CPU.ActiveCfg = Debug|Any CPU
		{6EF3C21F-E92F-4CFA-993D-25B8EC3523D7}.Debug|Any CPU.Build.0 = Debug|Any CPU
		{6EF3C21F-E92F-4CFA-993D-25B8EC3523D7}.Release|Any CPU.ActiveCfg = Release|Any CPU
		{6EF3C21F-E92F-4CFA-993D-25B8EC3523D7}.Release|Any CPU.Build.0 = Release|Any CPU
		{776E0FE4-3BE4-4B7A-9AB9-EB12FEFD8F43}.Debug|Any CPU.ActiveCfg = Debug|Any CPU
		{776E0FE4-3BE4-4B7A-9AB9-EB12FEFD8F43}.Debug|Any CPU.Build.0 = Debug|Any CPU
		{776E0FE4-3BE4-4B7A-9AB9-EB12FEFD8F43}.Release|Any CPU.ActiveCfg = Release|Any CPU
		{776E0FE4-3BE4-4B7A-9AB9-EB12FEFD8F43}.Release|Any CPU.Build.0 = Release|Any CPU
		{7F7B3EAB-0666-48F8-8FEE-B401DC7BEDE7}.Debug|Any CPU.ActiveCfg = Debug|Any CPU
		{7F7B3EAB-0666-48F8-8FEE-B401DC7BEDE7}.Debug|Any CPU.Build.0 = Debug|Any CPU
		{7F7B3EAB-0666-48F8-8FEE-B401DC7BEDE7}.Release|Any CPU.ActiveCfg = Release|Any CPU
		{7F7B3EAB-0666-48F8-8FEE-B401DC7BEDE7}.Release|Any CPU.Build.0 = Release|Any CPU
		{9C8E1D04-EC92-4550-AF52-AC329E8DB1C8}.Debug|Any CPU.ActiveCfg = Debug|Any CPU
		{9C8E1D04-EC92-4550-AF52-AC329E8DB1C8}.Debug|Any CPU.Build.0 = Debug|Any CPU
		{9C8E1D04-EC92-4550-AF52-AC329E8DB1C8}.Release|Any CPU.ActiveCfg = Release|Any CPU
		{9C8E1D04-EC92-4550-AF52-AC329E8DB1C8}.Release|Any CPU.Build.0 = Release|Any CPU
		{6E82C043-D526-45AE-B6EC-0141B8E78FF9}.Debug|Any CPU.ActiveCfg = Debug|Any CPU
		{6E82C043-D526-45AE-B6EC-0141B8E78FF9}.Debug|Any CPU.Build.0 = Debug|Any CPU
		{6E82C043-D526-45AE-B6EC-0141B8E78FF9}.Release|Any CPU.ActiveCfg = Release|Any CPU
		{6E82C043-D526-45AE-B6EC-0141B8E78FF9}.Release|Any CPU.Build.0 = Release|Any CPU
		{BDFB4DBA-B265-4A7F-B443-89A00190FBB3}.Debug|Any CPU.ActiveCfg = Debug|Any CPU
		{BDFB4DBA-B265-4A7F-B443-89A00190FBB3}.Debug|Any CPU.Build.0 = Debug|Any CPU
		{BDFB4DBA-B265-4A7F-B443-89A00190FBB3}.Release|Any CPU.ActiveCfg = Release|Any CPU
		{BDFB4DBA-B265-4A7F-B443-89A00190FBB3}.Release|Any CPU.Build.0 = Release|Any CPU
	EndGlobalSection
	GlobalSection(NestedProjects) = preSolution
		{ECE573F8-D8F8-41A3-B804-E44EB5BC1DA7} = {64671214-8605-422B-97F2-677D1DF1FB77}
		{6EF3C21F-E92F-4CFA-993D-25B8EC3523D7} = {1280E535-8491-482F-AE07-201C904D247B}
		{776E0FE4-3BE4-4B7A-9AB9-EB12FEFD8F43} = {1280E535-8491-482F-AE07-201C904D247B}
		{7F7B3EAB-0666-48F8-8FEE-B401DC7BEDE7} = {841A80FE-5D58-4743-83C3-F5D0BD163444}
		{9C8E1D04-EC92-4550-AF52-AC329E8DB1C8} = {64671214-8605-422B-97F2-677D1DF1FB77}
		{6E82C043-D526-45AE-B6EC-0141B8E78FF9} = {64671214-8605-422B-97F2-677D1DF1FB77}
		{BDFB4DBA-B265-4A7F-B443-89A00190FBB3} = {841A80FE-5D58-4743-83C3-F5D0BD163444}
	EndGlobalSection
EndGlobal
