
Microsoft Visual Studio Solution File, Format Version 12.00
Project("{FAE04EC0-301F-11D3-BF4B-00C04F79EFBC}") = "TaskList.Domain", "TaskList.Domain\TaskList.Domain.csproj", "{ECE573F8-D8F8-41A3-B804-E44EB5BC1DA7}"
EndProject
Global
	GlobalSection(SolutionConfigurationPlatforms) = preSolution
		Debug|Any CPU = Debug|Any CPU
		Release|Any CPU = Release|Any CPU
	EndGlobalSection
	GlobalSection(ProjectConfigurationPlatforms) = postSolution
		{ECE573F8-D8F8-41A3-B804-E44EB5BC1DA7}.Debug|Any CPU.ActiveCfg = Debug|Any CPU
		{ECE573F8-D8F8-41A3-B804-E44EB5BC1DA7}.Debug|Any CPU.Build.0 = Debug|Any CPU
		{ECE573F8-D8F8-41A3-B804-E44EB5BC1DA7}.Release|Any CPU.ActiveCfg = Release|Any CPU
		{ECE573F8-D8F8-41A3-B804-E44EB5BC1DA7}.Release|Any CPU.Build.0 = Release|Any CPU
	EndGlobalSection
EndGlobal
