
Microsoft Visual Studio Solution File, Format Version 12.00
Project("{FAE04EC0-301F-11D3-BF4B-00C04F79EFBC}") = "TaskList.Domain", "TaskList.Domain\TaskList.Domain.csproj", "{ECE573F8-D8F8-41A3-B804-E44EB5BC1DA7}"
EndProject
Project("{FAE04EC0-301F-11D3-BF4B-00C04F79EFBC}") = "TaskList.Services", "TaskList.Services\TaskList.Services.csproj", "{FA096BDF-21DB-4CE1-A416-6B37F26409C5}"
EndProject
Project("{FAE04EC0-301F-11D3-BF4B-00C04F79EFBC}") = "TaskList.Services.Abstractions", "TaskList.Services.Abstractions\TaskList.Services.Abstractions.csproj", "{FD217787-0ADD-4C4E-A6ED-DDAF4DE5E2C3}"
EndProject
Project("{FAE04EC0-301F-11D3-BF4B-00C04F79EFBC}") = "TaskList.Contracts", "TaskList.Contracts\TaskList.Contracts.csproj", "{22903B7E-C2FA-48DF-B295-AF96B11DB654}"
EndProject
Project("{2150E333-8FDC-42A3-9474-1A3956D46DE8}") = "Core", "Core", "{64671214-8605-422B-97F2-677D1DF1FB77}"
EndProject
Project("{2150E333-8FDC-42A3-9474-1A3956D46DE8}") = "Infrastructure", "Infrastructure", "{1280E535-8491-482F-AE07-201C904D247B}"
EndProject
Project("{FAE04EC0-301F-11D3-BF4B-00C04F79EFBC}") = "TaskList.Persistence", "TaskList.Persistence\TaskList.Persistence.csproj", "{6EF3C21F-E92F-4CFA-993D-25B8EC3523D7}"
EndProject
Project("{FAE04EC0-301F-11D3-BF4B-00C04F79EFBC}") = "TaskList.Presentation", "TaskList.Presentation\TaskList.Presentation.csproj", "{776E0FE4-3BE4-4B7A-9AB9-EB12FEFD8F43}"
EndProject
Global
	GlobalSection(SolutionConfigurationPlatforms) = preSolution
		Debug|Any CPU = Debug|Any CPU
		Release|Any CPU = Release|Any CPU
	EndGlobalSection
	GlobalSection(ProjectConfigurationPlatforms) = postSolution
		{ECE573F8-D8F8-41A3-B804-E44EB5BC1DA7}.Debug|Any CPU.ActiveCfg = Debug|Any CPU
		{ECE573F8-D8F8-41A3-B804-E44EB5BC1DA7}.Debug|Any CPU.Build.0 = Debug|Any CPU
		{ECE573F8-D8F8-41A3-B804-E44EB5BC1DA7}.Release|Any CPU.ActiveCfg = Release|Any CPU
		{ECE573F8-D8F8-41A3-B804-E44EB5BC1DA7}.Release|Any CPU.Build.0 = Release|Any CPU
		{FA096BDF-21DB-4CE1-A416-6B37F26409C5}.Debug|Any CPU.ActiveCfg = Debug|Any CPU
		{FA096BDF-21DB-4CE1-A416-6B37F26409C5}.Debug|Any CPU.Build.0 = Debug|Any CPU
		{FA096BDF-21DB-4CE1-A416-6B37F26409C5}.Release|Any CPU.ActiveCfg = Release|Any CPU
		{FA096BDF-21DB-4CE1-A416-6B37F26409C5}.Release|Any CPU.Build.0 = Release|Any CPU
		{FD217787-0ADD-4C4E-A6ED-DDAF4DE5E2C3}.Debug|Any CPU.ActiveCfg = Debug|Any CPU
		{FD217787-0ADD-4C4E-A6ED-DDAF4DE5E2C3}.Debug|Any CPU.Build.0 = Debug|Any CPU
		{FD217787-0ADD-4C4E-A6ED-DDAF4DE5E2C3}.Release|Any CPU.ActiveCfg = Release|Any CPU
		{FD217787-0ADD-4C4E-A6ED-DDAF4DE5E2C3}.Release|Any CPU.Build.0 = Release|Any CPU
		{22903B7E-C2FA-48DF-B295-AF96B11DB654}.Debug|Any CPU.ActiveCfg = Debug|Any CPU
		{22903B7E-C2FA-48DF-B295-AF96B11DB654}.Debug|Any CPU.Build.0 = Debug|Any CPU
		{22903B7E-C2FA-48DF-B295-AF96B11DB654}.Release|Any CPU.ActiveCfg = Release|Any CPU
		{22903B7E-C2FA-48DF-B295-AF96B11DB654}.Release|Any CPU.Build.0 = Release|Any CPU
		{6EF3C21F-E92F-4CFA-993D-25B8EC3523D7}.Debug|Any CPU.ActiveCfg = Debug|Any CPU
		{6EF3C21F-E92F-4CFA-993D-25B8EC3523D7}.Debug|Any CPU.Build.0 = Debug|Any CPU
		{6EF3C21F-E92F-4CFA-993D-25B8EC3523D7}.Release|Any CPU.ActiveCfg = Release|Any CPU
		{6EF3C21F-E92F-4CFA-993D-25B8EC3523D7}.Release|Any CPU.Build.0 = Release|Any CPU
		{776E0FE4-3BE4-4B7A-9AB9-EB12FEFD8F43}.Debug|Any CPU.ActiveCfg = Debug|Any CPU
		{776E0FE4-3BE4-4B7A-9AB9-EB12FEFD8F43}.Debug|Any CPU.Build.0 = Debug|Any CPU
		{776E0FE4-3BE4-4B7A-9AB9-EB12FEFD8F43}.Release|Any CPU.ActiveCfg = Release|Any CPU
		{776E0FE4-3BE4-4B7A-9AB9-EB12FEFD8F43}.Release|Any CPU.Build.0 = Release|Any CPU
	EndGlobalSection
	GlobalSection(NestedProjects) = preSolution
		{22903B7E-C2FA-48DF-B295-AF96B11DB654} = {64671214-8605-422B-97F2-677D1DF1FB77}
		{ECE573F8-D8F8-41A3-B804-E44EB5BC1DA7} = {64671214-8605-422B-97F2-677D1DF1FB77}
		{FA096BDF-21DB-4CE1-A416-6B37F26409C5} = {64671214-8605-422B-97F2-677D1DF1FB77}
		{FD217787-0ADD-4C4E-A6ED-DDAF4DE5E2C3} = {64671214-8605-422B-97F2-677D1DF1FB77}
		{6EF3C21F-E92F-4CFA-993D-25B8EC3523D7} = {1280E535-8491-482F-AE07-201C904D247B}
		{776E0FE4-3BE4-4B7A-9AB9-EB12FEFD8F43} = {1280E535-8491-482F-AE07-201C904D247B}
	EndGlobalSection
EndGlobal
